
Microsoft Visual Studio Solution File, Format Version 12.00
# Visual Studio 2013
VisualStudioVersion = 12.0.40629.0
MinimumVisualStudioVersion = 10.0.40219.1
Project("{8BC9CEB8-8B4A-11D0-8D11-00A0C91BC942}") = "JFC", "JFC\JFC.vcxproj", "{FA764D5B-2AE3-4083-BF9A-0919C056B7AF}"
EndProject
Project("{8BC9CEB8-8B4A-11D0-8D11-00A0C91BC942}") = "QtApp", "QtApp\QtApp.vcxproj", "{B12702AD-ABFB-343A-A199-8E24837244A3}"
EndProject
Project("{8BC9CEB8-8B4A-11D0-8D11-00A0C91BC942}") = "MyServer", "MyServer\MyServer.vcxproj", "{5A86192A-632C-431B-B041-89C7504CCD85}"
EndProject
Project("{8BC9CEB8-8B4A-11D0-8D11-00A0C91BC942}") = "QtStuff", "QtStuff\QtStuff.vcxproj", "{1E59989A-3F80-4923-9246-F0502FC47A52}"
EndProject
Global
	GlobalSection(SolutionConfigurationPlatforms) = preSolution
		Debug|Mixed Platforms = Debug|Mixed Platforms
		Debug|Win32 = Debug|Win32
		Debug|x64 = Debug|x64
		Release|Mixed Platforms = Release|Mixed Platforms
		Release|Win32 = Release|Win32
		Release|x64 = Release|x64
	EndGlobalSection
	GlobalSection(ProjectConfigurationPlatforms) = postSolution
		{FA764D5B-2AE3-4083-BF9A-0919C056B7AF}.Debug|Mixed Platforms.ActiveCfg = Debug|Win32
		{FA764D5B-2AE3-4083-BF9A-0919C056B7AF}.Debug|Mixed Platforms.Build.0 = Debug|Win32
		{FA764D5B-2AE3-4083-BF9A-0919C056B7AF}.Debug|Win32.ActiveCfg = Debug|Win32
		{FA764D5B-2AE3-4083-BF9A-0919C056B7AF}.Debug|Win32.Build.0 = Debug|Win32
		{FA764D5B-2AE3-4083-BF9A-0919C056B7AF}.Debug|x64.ActiveCfg = Debug|x64
		{FA764D5B-2AE3-4083-BF9A-0919C056B7AF}.Debug|x64.Build.0 = Debug|x64
		{FA764D5B-2AE3-4083-BF9A-0919C056B7AF}.Release|Mixed Platforms.ActiveCfg = Release|Win32
		{FA764D5B-2AE3-4083-BF9A-0919C056B7AF}.Release|Mixed Platforms.Build.0 = Release|Win32
		{FA764D5B-2AE3-4083-BF9A-0919C056B7AF}.Release|Win32.ActiveCfg = Release|Win32
		{FA764D5B-2AE3-4083-BF9A-0919C056B7AF}.Release|Win32.Build.0 = Release|Win32
		{FA764D5B-2AE3-4083-BF9A-0919C056B7AF}.Release|x64.ActiveCfg = Release|x64
		{FA764D5B-2AE3-4083-BF9A-0919C056B7AF}.Release|x64.Build.0 = Release|x64
		{B12702AD-ABFB-343A-A199-8E24837244A3}.Debug|Mixed Platforms.ActiveCfg = Debug|Win32
		{B12702AD-ABFB-343A-A199-8E24837244A3}.Debug|Mixed Platforms.Build.0 = Debug|Win32
		{B12702AD-ABFB-343A-A199-8E24837244A3}.Debug|Win32.ActiveCfg = Debug|Win32
		{B12702AD-ABFB-343A-A199-8E24837244A3}.Debug|Win32.Build.0 = Debug|Win32
		{B12702AD-ABFB-343A-A199-8E24837244A3}.Debug|x64.ActiveCfg = Debug|x64
		{B12702AD-ABFB-343A-A199-8E24837244A3}.Debug|x64.Build.0 = Debug|x64
		{B12702AD-ABFB-343A-A199-8E24837244A3}.Release|Mixed Platforms.ActiveCfg = Release|Win32
		{B12702AD-ABFB-343A-A199-8E24837244A3}.Release|Mixed Platforms.Build.0 = Release|Win32
		{B12702AD-ABFB-343A-A199-8E24837244A3}.Release|Win32.ActiveCfg = Release|Win32
		{B12702AD-ABFB-343A-A199-8E24837244A3}.Release|Win32.Build.0 = Release|Win32
		{B12702AD-ABFB-343A-A199-8E24837244A3}.Release|x64.ActiveCfg = Release|x64
		{B12702AD-ABFB-343A-A199-8E24837244A3}.Release|x64.Build.0 = Release|x64
		{5A86192A-632C-431B-B041-89C7504CCD85}.Debug|Mixed Platforms.ActiveCfg = Debug|Win32
		{5A86192A-632C-431B-B041-89C7504CCD85}.Debug|Mixed Platforms.Build.0 = Debug|Win32
		{5A86192A-632C-431B-B041-89C7504CCD85}.Debug|Win32.ActiveCfg = Debug|Win32
		{5A86192A-632C-431B-B041-89C7504CCD85}.Debug|Win32.Build.0 = Debug|Win32
		{5A86192A-632C-431B-B041-89C7504CCD85}.Debug|x64.ActiveCfg = Debug|x64
		{5A86192A-632C-431B-B041-89C7504CCD85}.Debug|x64.Build.0 = Debug|x64
		{5A86192A-632C-431B-B041-89C7504CCD85}.Release|Mixed Platforms.ActiveCfg = Release|Win32
		{5A86192A-632C-431B-B041-89C7504CCD85}.Release|Mixed Platforms.Build.0 = Release|Win32
		{5A86192A-632C-431B-B041-89C7504CCD85}.Release|Win32.ActiveCfg = Release|Win32
		{5A86192A-632C-431B-B041-89C7504CCD85}.Release|Win32.Build.0 = Release|Win32
		{5A86192A-632C-431B-B041-89C7504CCD85}.Release|x64.ActiveCfg = Release|x64
		{5A86192A-632C-431B-B041-89C7504CCD85}.Release|x64.Build.0 = Release|x64
		{1E59989A-3F80-4923-9246-F0502FC47A52}.Debug|Mixed Platforms.ActiveCfg = Debug|Win32
		{1E59989A-3F80-4923-9246-F0502FC47A52}.Debug|Mixed Platforms.Build.0 = Debug|Win32
		{1E59989A-3F80-4923-9246-F0502FC47A52}.Debug|Win32.ActiveCfg = Debug|Win32
		{1E59989A-3F80-4923-9246-F0502FC47A52}.Debug|Win32.Build.0 = Debug|Win32
		{1E59989A-3F80-4923-9246-F0502FC47A52}.Debug|x64.ActiveCfg = Debug|x64
		{1E59989A-3F80-4923-9246-F0502FC47A52}.Debug|x64.Build.0 = Debug|x64
		{1E59989A-3F80-4923-9246-F0502FC47A52}.Release|Mixed Platforms.ActiveCfg = Release|Win32
		{1E59989A-3F80-4923-9246-F0502FC47A52}.Release|Mixed Platforms.Build.0 = Release|Win32
		{1E59989A-3F80-4923-9246-F0502FC47A52}.Release|Win32.ActiveCfg = Release|Win32
		{1E59989A-3F80-4923-9246-F0502FC47A52}.Release|Win32.Build.0 = Release|Win32
		{1E59989A-3F80-4923-9246-F0502FC47A52}.Release|x64.ActiveCfg = Release|x64
		{1E59989A-3F80-4923-9246-F0502FC47A52}.Release|x64.Build.0 = Release|x64
	EndGlobalSection
	GlobalSection(SolutionProperties) = preSolution
		HideSolutionNode = FALSE
	EndGlobalSection
EndGlobal
