
Microsoft Visual Studio Solution File, Format Version 12.00
# Visual Studio 2012
Project("{8BC9CEB8-8B4A-11D0-8D11-00A0C91BC942}") = "codingPractice", "codingPractice\codingPractice.vcxproj", "{45119664-70FC-49C7-B5F3-FABC43A2B5BB}"
EndProject
Global
	GlobalSection(SolutionConfigurationPlatforms) = preSolution
		Debug|Win32 = Debug|Win32
		Release|Win32 = Release|Win32
	EndGlobalSection
	GlobalSection(ProjectConfigurationPlatforms) = postSolution
		{45119664-70FC-49C7-B5F3-FABC43A2B5BB}.Debug|Win32.ActiveCfg = Debug|Win32
		{45119664-70FC-49C7-B5F3-FABC43A2B5BB}.Debug|Win32.Build.0 = Debug|Win32
		{45119664-70FC-49C7-B5F3-FABC43A2B5BB}.Release|Win32.ActiveCfg = Release|Win32
		{45119664-70FC-49C7-B5F3-FABC43A2B5BB}.Release|Win32.Build.0 = Release|Win32
	EndGlobalSection
	GlobalSection(SolutionProperties) = preSolution
		HideSolutionNode = FALSE
	EndGlobalSection
EndGlobal
